
Microsoft Visual Studio Solution File, Format Version 12.00
# Visual Studio Version 17
VisualStudioVersion = 17.5.33530.505
MinimumVisualStudioVersion = 10.0.40219.1
Project("{FAE04EC0-301F-11D3-BF4B-00C04F79EFBC}") = "IActinResultExample", "IActinResultExample.csproj", "{932CBC9E-D7A1-46D7-B39A-3CEBA9400472}"
EndProject
Global
	GlobalSection(SolutionConfigurationPlatforms) = preSolution
		Debug|Any CPU = Debug|Any CPU
		Release|Any CPU = Release|Any CPU
	EndGlobalSection
	GlobalSection(ProjectConfigurationPlatforms) = postSolution
		{932CBC9E-D7A1-46D7-B39A-3CEBA9400472}.Debug|Any CPU.ActiveCfg = Debug|Any CPU
		{932CBC9E-D7A1-46D7-B39A-3CEBA9400472}.Debug|Any CPU.Build.0 = Debug|Any CPU
		{932CBC9E-D7A1-46D7-B39A-3CEBA9400472}.Release|Any CPU.ActiveCfg = Release|Any CPU
		{932CBC9E-D7A1-46D7-B39A-3CEBA9400472}.Release|Any CPU.Build.0 = Release|Any CPU
	EndGlobalSection
	GlobalSection(SolutionProperties) = preSolution
		HideSolutionNode = FALSE
	EndGlobalSection
	GlobalSection(ExtensibilityGlobals) = postSolution
		SolutionGuid = {FC2194CA-8761-4960-A488-072EB60B1B92}
	EndGlobalSection
EndGlobal
